
Microsoft Visual Studio Solution File, Format Version 12.00
# Visual Studio 15
VisualStudioVersion = 15.0.28307.1778
MinimumVisualStudioVersion = 10.0.40219.1
Project("{FAE04EC0-301F-11D3-BF4B-00C04F79EFBC}") = "FiltradorCarpetas", "FiltradorCarpetas\FiltradorCarpetas.csproj", "{DF8E90CD-B3AA-4CC2-BC6F-0E09FB160315}"
EndProject
Global
	GlobalSection(SolutionConfigurationPlatforms) = preSolution
		Debug|Any CPU = Debug|Any CPU
		Release|Any CPU = Release|Any CPU
	EndGlobalSection
	GlobalSection(ProjectConfigurationPlatforms) = postSolution
		{DF8E90CD-B3AA-4CC2-BC6F-0E09FB160315}.Debug|Any CPU.ActiveCfg = Debug|Any CPU
		{DF8E90CD-B3AA-4CC2-BC6F-0E09FB160315}.Debug|Any CPU.Build.0 = Debug|Any CPU
		{DF8E90CD-B3AA-4CC2-BC6F-0E09FB160315}.Release|Any CPU.ActiveCfg = Release|Any CPU
		{DF8E90CD-B3AA-4CC2-BC6F-0E09FB160315}.Release|Any CPU.Build.0 = Release|Any CPU
	EndGlobalSection
	GlobalSection(SolutionProperties) = preSolution
		HideSolutionNode = FALSE
	EndGlobalSection
	GlobalSection(ExtensibilityGlobals) = postSolution
		SolutionGuid = {D1E9A209-600F-4F2D-9AA1-BEA606E72457}
	EndGlobalSection
EndGlobal
